
Microsoft Visual Studio Solution File, Format Version 12.00
# Visual Studio 15
VisualStudioVersion = 15.0.28307.705
MinimumVisualStudioVersion = 10.0.40219.1
Project("{FAE04EC0-301F-11D3-BF4B-00C04F79EFBC}") = "UsersApplication", "UsersApplication\UsersApplication.csproj", "{E651299A-9A97-48B5-AF44-6BB48B268123}"
EndProject
Project("{FAE04EC0-301F-11D3-BF4B-00C04F79EFBC}") = "UsersManagement", "UsersManagement\UsersManagement.csproj", "{EB02646B-AFCF-44D1-9C87-87287CCD9BE6}"
	ProjectSection(ProjectDependencies) = postProject
		{E651299A-9A97-48B5-AF44-6BB48B268123} = {E651299A-9A97-48B5-AF44-6BB48B268123}
	EndProjectSection
EndProject
Global
	GlobalSection(SolutionConfigurationPlatforms) = preSolution
		Debug|Any CPU = Debug|Any CPU
		Release|Any CPU = Release|Any CPU
	EndGlobalSection
	GlobalSection(ProjectConfigurationPlatforms) = postSolution
		{E651299A-9A97-48B5-AF44-6BB48B268123}.Debug|Any CPU.ActiveCfg = Debug|Any CPU
		{E651299A-9A97-48B5-AF44-6BB48B268123}.Debug|Any CPU.Build.0 = Debug|Any CPU
		{E651299A-9A97-48B5-AF44-6BB48B268123}.Release|Any CPU.ActiveCfg = Release|Any CPU
		{E651299A-9A97-48B5-AF44-6BB48B268123}.Release|Any CPU.Build.0 = Release|Any CPU
		{EB02646B-AFCF-44D1-9C87-87287CCD9BE6}.Debug|Any CPU.ActiveCfg = Debug|Any CPU
		{EB02646B-AFCF-44D1-9C87-87287CCD9BE6}.Debug|Any CPU.Build.0 = Debug|Any CPU
		{EB02646B-AFCF-44D1-9C87-87287CCD9BE6}.Release|Any CPU.ActiveCfg = Release|Any CPU
		{EB02646B-AFCF-44D1-9C87-87287CCD9BE6}.Release|Any CPU.Build.0 = Release|Any CPU
	EndGlobalSection
	GlobalSection(SolutionProperties) = preSolution
		HideSolutionNode = FALSE
	EndGlobalSection
	GlobalSection(ExtensibilityGlobals) = postSolution
		SolutionGuid = {DC28D3FE-7627-4DD3-A249-F7EC53CBB5CF}
	EndGlobalSection
EndGlobal
